
Microsoft Visual Studio Solution File, Format Version 12.00
# Visual Studio Version 17
VisualStudioVersion = 17.0.31903.59
MinimumVisualStudioVersion = 10.0.40219.1
Project("{2150E333-8FDC-42A3-9474-1A3956D46DE8}") = "src", "src", "{1708B1C2-B9A8-456A-8647-28A59FFF20F2}"
EndProject
Project("{FAE04EC0-301F-11D3-BF4B-00C04F79EFBC}") = "OneBRC", "src\OneBRC\OneBRC.csproj", "{4C9E5D45-239D-4330-9982-4B3B32619931}"
EndProject
Project("{2150E333-8FDC-42A3-9474-1A3956D46DE8}") = "test", "test", "{0B63A480-E24C-4A10-94D4-87AEAEC3C72E}"
EndProject
Project("{FAE04EC0-301F-11D3-BF4B-00C04F79EFBC}") = "OneBRC.Tests", "test\OneBRC.Tests\OneBRC.Tests.csproj", "{C090FEA6-8780-4772-A761-CBA44532904D}"
EndProject
Project("{2150E333-8FDC-42A3-9474-1A3956D46DE8}") = "assets", "assets", "{4D10DD5A-46E5-4FCF-962E-E843EC89D72B}"
	ProjectSection(SolutionItems) = preProject
		weather_stations.csv = weather_stations.csv
	EndProjectSection
EndProject
Project("{FAE04EC0-301F-11D3-BF4B-00C04F79EFBC}") = "GenerateData", "src\GenerateData\GenerateData.csproj", "{5D88815F-5750-4C32-98EE-0A1C146D18DB}"
EndProject
Project("{2150E333-8FDC-42A3-9474-1A3956D46DE8}") = "benchmarks", "benchmarks", "{E8421D42-4537-4285-A85B-2458CC7E29C1}"
EndProject
Project("{FAE04EC0-301F-11D3-BF4B-00C04F79EFBC}") = "OneBRC.Benchmarks", "benchmarks\OneBRC.Benchmarks\OneBRC.Benchmarks.csproj", "{B256AAE9-D8FA-4157-B77D-161CCE1D45EC}"
EndProject
Project("{FAE04EC0-301F-11D3-BF4B-00C04F79EFBC}") = "Baseline", "src\Baseline\Baseline.csproj", "{53C6A5F3-3A54-4F2B-8820-A76395442AE3}"
EndProject
Project("{FAE04EC0-301F-11D3-BF4B-00C04F79EFBC}") = "Graveyard", "src\Graveyard\Graveyard.csproj", "{859D0598-5B43-4E0A-80DB-8EF8EF2DD398}"
EndProject
Project("{FAE04EC0-301F-11D3-BF4B-00C04F79EFBC}") = "Utf8Stream", "src\Utf8Stream\Utf8Stream.csproj", "{DC3CB1E8-A794-4442-B2C7-536B62B9475F}"
EndProject
Project("{FAE04EC0-301F-11D3-BF4B-00C04F79EFBC}") = "Shared", "src\Shared\Shared.csproj", "{DB496A91-DC53-40CF-AE24-11D92829F306}"
EndProject
Project("{FAE04EC0-301F-11D3-BF4B-00C04F79EFBC}") = "ParsingBenchmarks", "benchmarks\ParsingBenchmarks\ParsingBenchmarks.csproj", "{9B357E75-DEDE-41FF-8D09-745F8BCF8624}"
EndProject
Project("{FAE04EC0-301F-11D3-BF4B-00C04F79EFBC}") = "StringParsing", "src\StringParsing\StringParsing.csproj", "{96AA6FE5-633C-4583-87DD-34D918FD7D87}"
EndProject
Project("{FAE04EC0-301F-11D3-BF4B-00C04F79EFBC}") = "Utf8Stream.Tests", "test\Utf8Stream.Tests\Utf8Stream.Tests.csproj", "{E49E5DA4-FB54-4468-BFC1-265FB2339EC4}"
EndProject
Project("{FAE04EC0-301F-11D3-BF4B-00C04F79EFBC}") = "Shared.Tests", "test\Shared.Tests\Shared.Tests.csproj", "{94E90E4D-5C6C-4EAF-B2A9-8BC424021554}"
EndProject
Project("{FAE04EC0-301F-11D3-BF4B-00C04F79EFBC}") = "FileHandling", "src\FileHandling\FileHandling.csproj", "{4B16EA21-9843-4389-B007-32FA0C6EB010}"
EndProject
Project("{FAE04EC0-301F-11D3-BF4B-00C04F79EFBC}") = "FileHandling.Tests", "test\FileHandling.Tests\FileHandling.Tests.csproj", "{A6770C32-3F0E-4814-A91C-EF6CBD3BF132}"
EndProject
Project("{FAE04EC0-301F-11D3-BF4B-00C04F79EFBC}") = "MultiThreadedFileHandling", "src\MultiThreadedFileHandling\MultiThreadedFileHandling.csproj", "{F0ABBD99-6770-40B4-A44C-5C4A7DC11472}"
EndProject
Project("{FAE04EC0-301F-11D3-BF4B-00C04F79EFBC}") = "MemoryMappedRead", "src\MemoryMappedRead\MemoryMappedRead.csproj", "{BE6BDAA3-9A71-4472-B5B2-39B95C908D71}"
EndProject
Project("{FAE04EC0-301F-11D3-BF4B-00C04F79EFBC}") = "MemoryMappedReadValueCounter", "src\MemoryMappedReadValueCounter\MemoryMappedReadValueCounter.csproj", "{6200E527-4229-460B-8D30-5D2980123887}"
EndProject
Project("{FAE04EC0-301F-11D3-BF4B-00C04F79EFBC}") = "WorkStealing", "src\WorkStealing\WorkStealing.csproj", "{A1CD8DBB-DFB8-45D8-AFE3-FCDAC31A21E8}"
EndProject
Project("{FAE04EC0-301F-11D3-BF4B-00C04F79EFBC}") = "NativeOneBRC", "src\NativeOneBRC\NativeOneBRC.csproj", "{4A7D8E68-2DE3-448B-8CAF-BF3F7D596C9D}"
EndProject
Global
	GlobalSection(SolutionConfigurationPlatforms) = preSolution
		Debug|Any CPU = Debug|Any CPU
		Release|Any CPU = Release|Any CPU
	EndGlobalSection
	GlobalSection(SolutionProperties) = preSolution
		HideSolutionNode = FALSE
	EndGlobalSection
	GlobalSection(ProjectConfigurationPlatforms) = postSolution
		{4C9E5D45-239D-4330-9982-4B3B32619931}.Debug|Any CPU.ActiveCfg = Debug|Any CPU
		{4C9E5D45-239D-4330-9982-4B3B32619931}.Debug|Any CPU.Build.0 = Debug|Any CPU
		{4C9E5D45-239D-4330-9982-4B3B32619931}.Release|Any CPU.ActiveCfg = Release|Any CPU
		{4C9E5D45-239D-4330-9982-4B3B32619931}.Release|Any CPU.Build.0 = Release|Any CPU
		{C090FEA6-8780-4772-A761-CBA44532904D}.Debug|Any CPU.ActiveCfg = Debug|Any CPU
		{C090FEA6-8780-4772-A761-CBA44532904D}.Debug|Any CPU.Build.0 = Debug|Any CPU
		{C090FEA6-8780-4772-A761-CBA44532904D}.Release|Any CPU.ActiveCfg = Release|Any CPU
		{C090FEA6-8780-4772-A761-CBA44532904D}.Release|Any CPU.Build.0 = Release|Any CPU
		{5D88815F-5750-4C32-98EE-0A1C146D18DB}.Debug|Any CPU.ActiveCfg = Debug|Any CPU
		{5D88815F-5750-4C32-98EE-0A1C146D18DB}.Debug|Any CPU.Build.0 = Debug|Any CPU
		{5D88815F-5750-4C32-98EE-0A1C146D18DB}.Release|Any CPU.ActiveCfg = Release|Any CPU
		{5D88815F-5750-4C32-98EE-0A1C146D18DB}.Release|Any CPU.Build.0 = Release|Any CPU
		{B256AAE9-D8FA-4157-B77D-161CCE1D45EC}.Debug|Any CPU.ActiveCfg = Debug|Any CPU
		{B256AAE9-D8FA-4157-B77D-161CCE1D45EC}.Debug|Any CPU.Build.0 = Debug|Any CPU
		{B256AAE9-D8FA-4157-B77D-161CCE1D45EC}.Release|Any CPU.ActiveCfg = Release|Any CPU
		{B256AAE9-D8FA-4157-B77D-161CCE1D45EC}.Release|Any CPU.Build.0 = Release|Any CPU
		{53C6A5F3-3A54-4F2B-8820-A76395442AE3}.Debug|Any CPU.ActiveCfg = Debug|Any CPU
		{53C6A5F3-3A54-4F2B-8820-A76395442AE3}.Debug|Any CPU.Build.0 = Debug|Any CPU
		{53C6A5F3-3A54-4F2B-8820-A76395442AE3}.Release|Any CPU.ActiveCfg = Release|Any CPU
		{53C6A5F3-3A54-4F2B-8820-A76395442AE3}.Release|Any CPU.Build.0 = Release|Any CPU
		{859D0598-5B43-4E0A-80DB-8EF8EF2DD398}.Debug|Any CPU.ActiveCfg = Debug|Any CPU
		{859D0598-5B43-4E0A-80DB-8EF8EF2DD398}.Debug|Any CPU.Build.0 = Debug|Any CPU
		{859D0598-5B43-4E0A-80DB-8EF8EF2DD398}.Release|Any CPU.ActiveCfg = Release|Any CPU
		{859D0598-5B43-4E0A-80DB-8EF8EF2DD398}.Release|Any CPU.Build.0 = Release|Any CPU
		{DC3CB1E8-A794-4442-B2C7-536B62B9475F}.Debug|Any CPU.ActiveCfg = Debug|Any CPU
		{DC3CB1E8-A794-4442-B2C7-536B62B9475F}.Debug|Any CPU.Build.0 = Debug|Any CPU
		{DC3CB1E8-A794-4442-B2C7-536B62B9475F}.Release|Any CPU.ActiveCfg = Release|Any CPU
		{DC3CB1E8-A794-4442-B2C7-536B62B9475F}.Release|Any CPU.Build.0 = Release|Any CPU
		{DB496A91-DC53-40CF-AE24-11D92829F306}.Debug|Any CPU.ActiveCfg = Debug|Any CPU
		{DB496A91-DC53-40CF-AE24-11D92829F306}.Debug|Any CPU.Build.0 = Debug|Any CPU
		{DB496A91-DC53-40CF-AE24-11D92829F306}.Release|Any CPU.ActiveCfg = Release|Any CPU
		{DB496A91-DC53-40CF-AE24-11D92829F306}.Release|Any CPU.Build.0 = Release|Any CPU
		{9B357E75-DEDE-41FF-8D09-745F8BCF8624}.Debug|Any CPU.ActiveCfg = Debug|Any CPU
		{9B357E75-DEDE-41FF-8D09-745F8BCF8624}.Debug|Any CPU.Build.0 = Debug|Any CPU
		{9B357E75-DEDE-41FF-8D09-745F8BCF8624}.Release|Any CPU.ActiveCfg = Release|Any CPU
		{9B357E75-DEDE-41FF-8D09-745F8BCF8624}.Release|Any CPU.Build.0 = Release|Any CPU
		{96AA6FE5-633C-4583-87DD-34D918FD7D87}.Debug|Any CPU.ActiveCfg = Debug|Any CPU
		{96AA6FE5-633C-4583-87DD-34D918FD7D87}.Debug|Any CPU.Build.0 = Debug|Any CPU
		{96AA6FE5-633C-4583-87DD-34D918FD7D87}.Release|Any CPU.ActiveCfg = Release|Any CPU
		{96AA6FE5-633C-4583-87DD-34D918FD7D87}.Release|Any CPU.Build.0 = Release|Any CPU
		{E49E5DA4-FB54-4468-BFC1-265FB2339EC4}.Debug|Any CPU.ActiveCfg = Debug|Any CPU
		{E49E5DA4-FB54-4468-BFC1-265FB2339EC4}.Debug|Any CPU.Build.0 = Debug|Any CPU
		{E49E5DA4-FB54-4468-BFC1-265FB2339EC4}.Release|Any CPU.ActiveCfg = Release|Any CPU
		{E49E5DA4-FB54-4468-BFC1-265FB2339EC4}.Release|Any CPU.Build.0 = Release|Any CPU
		{94E90E4D-5C6C-4EAF-B2A9-8BC424021554}.Debug|Any CPU.ActiveCfg = Debug|Any CPU
		{94E90E4D-5C6C-4EAF-B2A9-8BC424021554}.Debug|Any CPU.Build.0 = Debug|Any CPU
		{94E90E4D-5C6C-4EAF-B2A9-8BC424021554}.Release|Any CPU.ActiveCfg = Release|Any CPU
		{94E90E4D-5C6C-4EAF-B2A9-8BC424021554}.Release|Any CPU.Build.0 = Release|Any CPU
		{4B16EA21-9843-4389-B007-32FA0C6EB010}.Debug|Any CPU.ActiveCfg = Debug|Any CPU
		{4B16EA21-9843-4389-B007-32FA0C6EB010}.Debug|Any CPU.Build.0 = Debug|Any CPU
		{4B16EA21-9843-4389-B007-32FA0C6EB010}.Release|Any CPU.ActiveCfg = Release|Any CPU
		{4B16EA21-9843-4389-B007-32FA0C6EB010}.Release|Any CPU.Build.0 = Release|Any CPU
		{A6770C32-3F0E-4814-A91C-EF6CBD3BF132}.Debug|Any CPU.ActiveCfg = Debug|Any CPU
		{A6770C32-3F0E-4814-A91C-EF6CBD3BF132}.Debug|Any CPU.Build.0 = Debug|Any CPU
		{A6770C32-3F0E-4814-A91C-EF6CBD3BF132}.Release|Any CPU.ActiveCfg = Release|Any CPU
		{A6770C32-3F0E-4814-A91C-EF6CBD3BF132}.Release|Any CPU.Build.0 = Release|Any CPU
		{F0ABBD99-6770-40B4-A44C-5C4A7DC11472}.Debug|Any CPU.ActiveCfg = Debug|Any CPU
		{F0ABBD99-6770-40B4-A44C-5C4A7DC11472}.Debug|Any CPU.Build.0 = Debug|Any CPU
		{F0ABBD99-6770-40B4-A44C-5C4A7DC11472}.Release|Any CPU.ActiveCfg = Release|Any CPU
		{F0ABBD99-6770-40B4-A44C-5C4A7DC11472}.Release|Any CPU.Build.0 = Release|Any CPU
		{BE6BDAA3-9A71-4472-B5B2-39B95C908D71}.Debug|Any CPU.ActiveCfg = Debug|Any CPU
		{BE6BDAA3-9A71-4472-B5B2-39B95C908D71}.Debug|Any CPU.Build.0 = Debug|Any CPU
		{BE6BDAA3-9A71-4472-B5B2-39B95C908D71}.Release|Any CPU.ActiveCfg = Release|Any CPU
		{BE6BDAA3-9A71-4472-B5B2-39B95C908D71}.Release|Any CPU.Build.0 = Release|Any CPU
		{6200E527-4229-460B-8D30-5D2980123887}.Debug|Any CPU.ActiveCfg = Debug|Any CPU
		{6200E527-4229-460B-8D30-5D2980123887}.Debug|Any CPU.Build.0 = Debug|Any CPU
		{6200E527-4229-460B-8D30-5D2980123887}.Release|Any CPU.ActiveCfg = Release|Any CPU
		{6200E527-4229-460B-8D30-5D2980123887}.Release|Any CPU.Build.0 = Release|Any CPU
		{A1CD8DBB-DFB8-45D8-AFE3-FCDAC31A21E8}.Debug|Any CPU.ActiveCfg = Debug|Any CPU
		{A1CD8DBB-DFB8-45D8-AFE3-FCDAC31A21E8}.Debug|Any CPU.Build.0 = Debug|Any CPU
		{A1CD8DBB-DFB8-45D8-AFE3-FCDAC31A21E8}.Release|Any CPU.ActiveCfg = Release|Any CPU
		{A1CD8DBB-DFB8-45D8-AFE3-FCDAC31A21E8}.Release|Any CPU.Build.0 = Release|Any CPU
		{4A7D8E68-2DE3-448B-8CAF-BF3F7D596C9D}.Debug|Any CPU.ActiveCfg = Debug|Any CPU
		{4A7D8E68-2DE3-448B-8CAF-BF3F7D596C9D}.Debug|Any CPU.Build.0 = Debug|Any CPU
		{4A7D8E68-2DE3-448B-8CAF-BF3F7D596C9D}.Release|Any CPU.ActiveCfg = Release|Any CPU
		{4A7D8E68-2DE3-448B-8CAF-BF3F7D596C9D}.Release|Any CPU.Build.0 = Release|Any CPU
	EndGlobalSection
	GlobalSection(NestedProjects) = preSolution
		{4C9E5D45-239D-4330-9982-4B3B32619931} = {1708B1C2-B9A8-456A-8647-28A59FFF20F2}
		{C090FEA6-8780-4772-A761-CBA44532904D} = {0B63A480-E24C-4A10-94D4-87AEAEC3C72E}
		{5D88815F-5750-4C32-98EE-0A1C146D18DB} = {1708B1C2-B9A8-456A-8647-28A59FFF20F2}
		{B256AAE9-D8FA-4157-B77D-161CCE1D45EC} = {E8421D42-4537-4285-A85B-2458CC7E29C1}
		{53C6A5F3-3A54-4F2B-8820-A76395442AE3} = {1708B1C2-B9A8-456A-8647-28A59FFF20F2}
		{859D0598-5B43-4E0A-80DB-8EF8EF2DD398} = {1708B1C2-B9A8-456A-8647-28A59FFF20F2}
		{DC3CB1E8-A794-4442-B2C7-536B62B9475F} = {1708B1C2-B9A8-456A-8647-28A59FFF20F2}
		{DB496A91-DC53-40CF-AE24-11D92829F306} = {1708B1C2-B9A8-456A-8647-28A59FFF20F2}
		{9B357E75-DEDE-41FF-8D09-745F8BCF8624} = {E8421D42-4537-4285-A85B-2458CC7E29C1}
		{96AA6FE5-633C-4583-87DD-34D918FD7D87} = {1708B1C2-B9A8-456A-8647-28A59FFF20F2}
		{E49E5DA4-FB54-4468-BFC1-265FB2339EC4} = {0B63A480-E24C-4A10-94D4-87AEAEC3C72E}
		{94E90E4D-5C6C-4EAF-B2A9-8BC424021554} = {0B63A480-E24C-4A10-94D4-87AEAEC3C72E}
		{4B16EA21-9843-4389-B007-32FA0C6EB010} = {1708B1C2-B9A8-456A-8647-28A59FFF20F2}
		{A6770C32-3F0E-4814-A91C-EF6CBD3BF132} = {0B63A480-E24C-4A10-94D4-87AEAEC3C72E}
		{F0ABBD99-6770-40B4-A44C-5C4A7DC11472} = {1708B1C2-B9A8-456A-8647-28A59FFF20F2}
		{BE6BDAA3-9A71-4472-B5B2-39B95C908D71} = {1708B1C2-B9A8-456A-8647-28A59FFF20F2}
		{6200E527-4229-460B-8D30-5D2980123887} = {1708B1C2-B9A8-456A-8647-28A59FFF20F2}
		{A1CD8DBB-DFB8-45D8-AFE3-FCDAC31A21E8} = {1708B1C2-B9A8-456A-8647-28A59FFF20F2}
		{4A7D8E68-2DE3-448B-8CAF-BF3F7D596C9D} = {1708B1C2-B9A8-456A-8647-28A59FFF20F2}
	EndGlobalSection
EndGlobal
